{
  "name": "ariadgsm-ops-mvp",
  "version": "0.1.0",
  "lockfileVersion": 3,
  "requires": true,
  "packages": {
    "": {
      "name": "ariadgsm-ops-mvp",
      "version": "0.1.0",
      "dependencies": {
        "libphonenumber-js": "^1.12.42",
        "nodemailer": "^8.0.7"
      },
      "engines": {
        "node": ">=20"
      }
    },
    "node_modules/libphonenumber-js": {
      "version": "1.12.42",
      "resolved": "https://registry.npmjs.org/libphonenumber-js/-/libphonenumber-js-1.12.42.tgz",
      "integrity": "sha512-oKQFPTibqQwZZkChCDVMFVJXMZdyJNqDWZWYNn8BgyAaK/6yFJEowxCY0RVFirRyWP63hMRuKlkSEd9qlvbWXg==",
      "license": "MIT"
    },
    "node_modules/nodemailer": {
      "version": "8.0.7",
      "resolved": "https://registry.npmjs.org/nodemailer/-/nodemailer-8.0.7.tgz",
      "integrity": "sha512-pkjE4mkBzQjdJT4/UmlKl3pX0rC9fZmjh7c6C9o7lv66Ac6w9WCnzPzhbPNxwZAzlF4mdq4CSWB5+FbK6FWCow==",
      "license": "MIT-0",
      "engines": {
        "node": ">=6.0.0"
      }
    }
  }
}
